
Microsoft Visual Studio Solution File, Format Version 12.00
# Visual Studio Version 17
VisualStudioVersion = 17.0.31903.59
MinimumVisualStudioVersion = 10.0.40219.1
Project("{FAE04EC0-301F-11D3-BF4B-00C04F79EFBC}") = "ChatApp.Domain", "ChatApp.Domain\ChatApp.Domain.csproj", "{3885BAAD-2722-48FB-9336-A22FC3003725}"
EndProject
Project("{FAE04EC0-301F-11D3-BF4B-00C04F79EFBC}") = "ChatApp.Application", "ChatApp.Application\ChatApp.Application.csproj", "{AD1BE563-82E7-4F58-B573-30A7DAF641BF}"
EndProject
Project("{FAE04EC0-301F-11D3-BF4B-00C04F79EFBC}") = "ChatApp.Infrastructure", "ChatApp.Infrastructure\ChatApp.Infrastructure.csproj", "{6BF32C4E-01A3-47F3-B6A7-BDC2B639CF05}"
EndProject
Project("{FAE04EC0-301F-11D3-BF4B-00C04F79EFBC}") = "ChatApp.Presentation", "ChatApp.Presentation\ChatApp.Presentation.csproj", "{CA2BFBB8-ADFF-42C3-9733-DE73C54A0C2C}"
EndProject
Global
	GlobalSection(SolutionConfigurationPlatforms) = preSolution
		Debug|Any CPU = Debug|Any CPU
		Release|Any CPU = Release|Any CPU
	EndGlobalSection
	GlobalSection(SolutionProperties) = preSolution
		HideSolutionNode = FALSE
	EndGlobalSection
	GlobalSection(ProjectConfigurationPlatforms) = postSolution
		{3885BAAD-2722-48FB-9336-A22FC3003725}.Debug|Any CPU.ActiveCfg = Debug|Any CPU
		{3885BAAD-2722-48FB-9336-A22FC3003725}.Debug|Any CPU.Build.0 = Debug|Any CPU
		{3885BAAD-2722-48FB-9336-A22FC3003725}.Release|Any CPU.ActiveCfg = Release|Any CPU
		{3885BAAD-2722-48FB-9336-A22FC3003725}.Release|Any CPU.Build.0 = Release|Any CPU
		{AD1BE563-82E7-4F58-B573-30A7DAF641BF}.Debug|Any CPU.ActiveCfg = Debug|Any CPU
		{AD1BE563-82E7-4F58-B573-30A7DAF641BF}.Debug|Any CPU.Build.0 = Debug|Any CPU
		{AD1BE563-82E7-4F58-B573-30A7DAF641BF}.Release|Any CPU.ActiveCfg = Release|Any CPU
		{AD1BE563-82E7-4F58-B573-30A7DAF641BF}.Release|Any CPU.Build.0 = Release|Any CPU
		{6BF32C4E-01A3-47F3-B6A7-BDC2B639CF05}.Debug|Any CPU.ActiveCfg = Debug|Any CPU
		{6BF32C4E-01A3-47F3-B6A7-BDC2B639CF05}.Debug|Any CPU.Build.0 = Debug|Any CPU
		{6BF32C4E-01A3-47F3-B6A7-BDC2B639CF05}.Release|Any CPU.ActiveCfg = Release|Any CPU
		{6BF32C4E-01A3-47F3-B6A7-BDC2B639CF05}.Release|Any CPU.Build.0 = Release|Any CPU
		{CA2BFBB8-ADFF-42C3-9733-DE73C54A0C2C}.Debug|Any CPU.ActiveCfg = Debug|Any CPU
		{CA2BFBB8-ADFF-42C3-9733-DE73C54A0C2C}.Debug|Any CPU.Build.0 = Debug|Any CPU
		{CA2BFBB8-ADFF-42C3-9733-DE73C54A0C2C}.Release|Any CPU.ActiveCfg = Release|Any CPU
		{CA2BFBB8-ADFF-42C3-9733-DE73C54A0C2C}.Release|Any CPU.Build.0 = Release|Any CPU
	EndGlobalSection
EndGlobal
